// !$*UTF8*$!
{
	archiveVersion = 1;
	classes = {
	};
	objectVersion = 56;
	objects = {

/* Begin PBXBuildFile section */
		2939E32AE898308A0C973BCB /* FullScreenImageView.swift in Sources */ = {isa = PBXBuildFile; fileRef = 31CE6F6C1FC99343DC69E143 /* FullScreenImageView.swift */; };
		2BA17FDE2F2526DB0003C150 /* SettingsView.swift in Sources */ = {isa = PBXBuildFile; fileRef = 2BA17FDC2F2526DB0003C150 /* SettingsView.swift */; };
		2BA17FDF2F2528ED0003C150 /* AppConfig.swift in Sources */ = {isa = PBXBuildFile; fileRef = 2BA17FD92F2525F80003C150 /* AppConfig.swift */; };
		2BB120542F1D186600E7231C /* AppFeature.swift in Sources */ = {isa = PBXBuildFile; fileRef = 2BB1204C2F1D186600E7231C /* AppFeature.swift */; };
		2BB120552F1D186600E7231C /* ImageViewerView.swift in Sources */ = {isa = PBXBuildFile; fileRef = 2BB120482F1D186600E7231C /* ImageViewerView.swift */; };
		2BB120562F1D186600E7231C /* AppleSignInButton.swift in Sources */ = {isa = PBXBuildFile; fileRef = 2BB120402F1D186600E7231C /* AppleSignInButton.swift */; };
		2BB120572F1D186600E7231C /* ImageViewerApp.swift in Sources */ = {isa = PBXBuildFile; fileRef = 2BB1203E2F1D186600E7231C /* ImageViewerApp.swift */; };
		2BB120582F1D186600E7231C /* ImageViewModel.swift in Sources */ = {isa = PBXBuildFile; fileRef = 2BB120492F1D186600E7231C /* ImageViewModel.swift */; };
		2BB120592F1D186600E7231C /* ImageDownloaderView.swift in Sources */ = {isa = PBXBuildFile; fileRef = 2BB120462F1D186600E7231C /* ImageDownloaderView.swift */; };
		2BB1205B2F1D186600E7231C /* AppleSignInManager.swift in Sources */ = {isa = PBXBuildFile; fileRef = 2BB120412F1D186600E7231C /* AppleSignInManager.swift */; };
		2BB1205C2F1D186600E7231C /* UserSession.swift in Sources */ = {isa = PBXBuildFile; fileRef = 2BB120442F1D186600E7231C /* UserSession.swift */; };
		2BB1205E2F1D186600E7231C /* SidebarView.swift in Sources */ = {isa = PBXBuildFile; fileRef = 2BB1204D2F1D186600E7231C /* SidebarView.swift */; };
		2BB1205F2F1D186600E7231C /* ContentView.swift in Sources */ = {isa = PBXBuildFile; fileRef = 2BB1203D2F1D186600E7231C /* ContentView.swift */; };
		2BB120612F1D186600E7231C /* Assets.xcassets in Resources */ = {isa = PBXBuildFile; fileRef = 2BB1204F2F1D186600E7231C /* Assets.xcassets */; };
		2BB120622F1D186700E7231C /* WeChatSignInManager.swift in Sources */ = {isa = PBXBuildFile; fileRef = 2BB120602F1D186700E7231C /* WeChatSignInManager.swift */; };
		2BB120632F1D186700E7231C /* WeChatSignInButton.swift in Sources */ = {isa = PBXBuildFile; fileRef = 2BB120612F1D186700E7231C /* WeChatSignInButton.swift */; };
		2BB1208B2F1DDE7100E7231C /* UserProfileView.swift in Sources */ = {isa = PBXBuildFile; fileRef = 2BB1208A2F1DDE7100E7231C /* UserProfileView.swift */; };
		2BB1208C2F1DDE7100E7231C /* QRCodeLoginView.swift in Sources */ = {isa = PBXBuildFile; fileRef = 2BB120892F1DDE7100E7231C /* QRCodeLoginView.swift */; };
/* End PBXBuildFile section */

/* Begin PBXFileReference section */
		2BA17FD92F2525F80003C150 /* AppConfig.swift */ = {isa = PBXFileReference; lastKnownFileType = sourcecode.swift; path = AppConfig.swift; sourceTree = "<group>"; };
		2BA17FDC2F2526DB0003C150 /* SettingsView.swift */ = {isa = PBXFileReference; lastKnownFileType = sourcecode.swift; path = SettingsView.swift; sourceTree = "<group>"; };
		2BB1203D2F1D186600E7231C /* ContentView.swift */ = {isa = PBXFileReference; lastKnownFileType = sourcecode.swift; path = ContentView.swift; sourceTree = "<group>"; };
		2BB1203E2F1D186600E7231C /* ImageViewerApp.swift */ = {isa = PBXFileReference; lastKnownFileType = sourcecode.swift; path = ImageViewerApp.swift; sourceTree = "<group>"; };
		2BB120402F1D186600E7231C /* AppleSignInButton.swift */ = {isa = PBXFileReference; lastKnownFileType = sourcecode.swift; path = AppleSignInButton.swift; sourceTree = "<group>"; };
		2BB120412F1D186600E7231C /* AppleSignInManager.swift */ = {isa = PBXFileReference; lastKnownFileType = sourcecode.swift; path = AppleSignInManager.swift; sourceTree = "<group>"; };
		2BB120442F1D186600E7231C /* UserSession.swift */ = {isa = PBXFileReference; lastKnownFileType = sourcecode.swift; path = UserSession.swift; sourceTree = "<group>"; };
		2BB120462F1D186600E7231C /* ImageDownloaderView.swift */ = {isa = PBXFileReference; lastKnownFileType = sourcecode.swift; path = ImageDownloaderView.swift; sourceTree = "<group>"; };
		2BB120482F1D186600E7231C /* ImageViewerView.swift */ = {isa = PBXFileReference; lastKnownFileType = sourcecode.swift; path = ImageViewerView.swift; sourceTree = "<group>"; };
		2BB120492F1D186600E7231C /* ImageViewModel.swift */ = {isa = PBXFileReference; lastKnownFileType = sourcecode.swift; path = ImageViewModel.swift; sourceTree = "<group>"; };
		2BB1204C2F1D186600E7231C /* AppFeature.swift */ = {isa = PBXFileReference; lastKnownFileType = sourcecode.swift; path = AppFeature.swift; sourceTree = "<group>"; };
		2BB1204D2F1D186600E7231C /* SidebarView.swift */ = {isa = PBXFileReference; lastKnownFileType = sourcecode.swift; path = SidebarView.swift; sourceTree = "<group>"; };
		2BB1204F2F1D186600E7231C /* Assets.xcassets */ = {isa = PBXFileReference; lastKnownFileType = folder.assetcatalog; path = Assets.xcassets; sourceTree = "<group>"; };
		2BB120512F1D186600E7231C /* ImageViewer.entitlements */ = {isa = PBXFileReference; lastKnownFileType = text.plist.entitlements; path = ImageViewer.entitlements; sourceTree = "<group>"; };
		2BB120602F1D186700E7231C /* WeChatSignInManager.swift */ = {isa = PBXFileReference; lastKnownFileType = sourcecode.swift; path = WeChatSignInManager.swift; sourceTree = "<group>"; };
		2BB120612F1D186700E7231C /* WeChatSignInButton.swift */ = {isa = PBXFileReference; lastKnownFileType = sourcecode.swift; path = WeChatSignInButton.swift; sourceTree = "<group>"; };
		2BB120892F1DDE7100E7231C /* QRCodeLoginView.swift */ = {isa = PBXFileReference; lastKnownFileType = sourcecode.swift; path = QRCodeLoginView.swift; sourceTree = "<group>"; };
		2BB1208A2F1DDE7100E7231C /* UserProfileView.swift */ = {isa = PBXFileReference; lastKnownFileType = sourcecode.swift; path = UserProfileView.swift; sourceTree = "<group>"; };
		31CE6F6C1FC99343DC69E143 /* FullScreenImageView.swift */ = {isa = PBXFileReference; includeInIndex = 1; lastKnownFileType = sourcecode.swift; name = FullScreenImageView.swift; path = FullScreenImageView.swift; sourceTree = "<group>"; };
		A1000007000000000000001 /* ImageViewer.app */ = {isa = PBXFileReference; explicitFileType = wrapper.application; includeInIndex = 0; path = ImageViewer.app; sourceTree = BUILT_PRODUCTS_DIR; };
/* End PBXFileReference section */

/* Begin PBXFrameworksBuildPhase section */
		A1000009000000000000001 /* Frameworks */ = {
			isa = PBXFrameworksBuildPhase;
			buildActionMask = 2147483647;
			files = (
			);
			runOnlyForDeploymentPostprocessing = 0;
		};
/* End PBXFrameworksBuildPhase section */

/* Begin PBXGroup section */
		2BA17FDD2F2526DB0003C150 /* Settings */ = {
			isa = PBXGroup;
			children = (
				2BA17FDC2F2526DB0003C150 /* SettingsView.swift */,
			);
			path = Settings;
			sourceTree = "<group>";
		};
		2BB1203F2F1D186600E7231C /* App */ = {
			isa = PBXGroup;
			children = (
				2BB1203D2F1D186600E7231C /* ContentView.swift */,
				2BB1203E2F1D186600E7231C /* ImageViewerApp.swift */,
			);
			path = App;
			sourceTree = "<group>";
		};
		2BB120452F1D186600E7231C /* Authentication */ = {
			isa = PBXGroup;
			children = (
				2BB120892F1DDE7100E7231C /* QRCodeLoginView.swift */,
				2BB1208A2F1DDE7100E7231C /* UserProfileView.swift */,
				2BB120402F1D186600E7231C /* AppleSignInButton.swift */,
				2BB120412F1D186600E7231C /* AppleSignInManager.swift */,
				2BB120602F1D186700E7231C /* WeChatSignInManager.swift */,
				2BB120612F1D186700E7231C /* WeChatSignInButton.swift */,
				2BB120442F1D186600E7231C /* UserSession.swift */,
			);
			path = Authentication;
			sourceTree = "<group>";
		};
		2BB120472F1D186600E7231C /* ImageDownloader */ = {
			isa = PBXGroup;
			children = (
				2BB120462F1D186600E7231C /* ImageDownloaderView.swift */,
			);
			path = ImageDownloader;
			sourceTree = "<group>";
		};
		2BB1204A2F1D186600E7231C /* ImageViewer */ = {
			isa = PBXGroup;
			children = (
				2BB120482F1D186600E7231C /* ImageViewerView.swift */,
				2BB120492F1D186600E7231C /* ImageViewModel.swift */,
				31CE6F6C1FC99343DC69E143 /* FullScreenImageView.swift */,
			);
			path = ImageViewer;
			sourceTree = "<group>";
		};
		2BB1204B2F1D186600E7231C /* Features */ = {
			isa = PBXGroup;
			children = (
				2BA17FDD2F2526DB0003C150 /* Settings */,
				2BB120452F1D186600E7231C /* Authentication */,
				2BB120472F1D186600E7231C /* ImageDownloader */,
				2BB1204A2F1D186600E7231C /* ImageViewer */,
			);
			path = Features;
			sourceTree = "<group>";
		};
		2BB1204E2F1D186600E7231C /* Shared */ = {
			isa = PBXGroup;
			children = (
				2BB1204C2F1D186600E7231C /* AppFeature.swift */,
				2BB1204D2F1D186600E7231C /* SidebarView.swift */,
				2BA17FD92F2525F80003C150 /* AppConfig.swift */,
			);
			path = Shared;
			sourceTree = "<group>";
		};
		2BB120522F1D186600E7231C /* Supporting Files */ = {
			isa = PBXGroup;
			children = (
				2BB1204F2F1D186600E7231C /* Assets.xcassets */,
				2BB120512F1D186600E7231C /* ImageViewer.entitlements */,
			);
			path = "Supporting Files";
			sourceTree = "<group>";
		};
		2BB120532F1D186600E7231C /* ImageViewer */ = {
			isa = PBXGroup;
			children = (
				2BB1203F2F1D186600E7231C /* App */,
				2BB1204B2F1D186600E7231C /* Features */,
				2BB1204E2F1D186600E7231C /* Shared */,
				2BB120522F1D186600E7231C /* Supporting Files */,
			);
			path = ImageViewer;
			sourceTree = "<group>";
		};
		A1000010000000000000001 = {
			isa = PBXGroup;
			children = (
				2BB120532F1D186600E7231C /* ImageViewer */,
				A1000012000000000000001 /* Products */,
			);
			sourceTree = "<group>";
		};
		A1000012000000000000001 /* Products */ = {
			isa = PBXGroup;
			children = (
				A1000007000000000000001 /* ImageViewer.app */,
			);
			name = Products;
			sourceTree = "<group>";
		};
/* End PBXGroup section */

/* Begin PBXNativeTarget section */
		A1000013000000000000001 /* ImageViewer */ = {
			isa = PBXNativeTarget;
			buildConfigurationList = A1000014000000000000001 /* Build configuration list for PBXNativeTarget "ImageViewer" */;
			buildPhases = (
				A1000015000000000000001 /* Sources */,
				A1000009000000000000001 /* Frameworks */,
				A1000016000000000000001 /* Resources */,
			);
			buildRules = (
			);
			dependencies = (
			);
			name = ImageViewer;
			productName = ImageViewer;
			productReference = A1000007000000000000001 /* ImageViewer.app */;
			productType = "com.apple.product-type.application";
		};
/* End PBXNativeTarget section */

/* Begin PBXProject section */
		A1000017000000000000001 /* Project object */ = {
			isa = PBXProject;
			attributes = {
				BuildIndependentTargetsInParallel = 1;
				LastSwiftUpdateCheck = 1500;
				LastUpgradeCheck = 1500;
				TargetAttributes = {
					A1000013000000000000001 = {
						CreatedOnToolsVersion = 15.0;
					};
				};
			};
			buildConfigurationList = A1000018000000000000001 /* Build configuration list for PBXProject "ImageViewer" */;
			compatibilityVersion = "Xcode 14.0";
			developmentRegion = en;
			hasScannedForEncodings = 0;
			knownRegions = (
				en,
				Base,
			);
			mainGroup = A1000010000000000000001;
			productRefGroup = A1000012000000000000001 /* Products */;
			projectDirPath = "";
			projectRoot = "";
			targets = (
				A1000013000000000000001 /* ImageViewer */,
			);
		};
/* End PBXProject section */

/* Begin PBXResourcesBuildPhase section */
		A1000016000000000000001 /* Resources */ = {
			isa = PBXResourcesBuildPhase;
			buildActionMask = 2147483647;
			files = (
				2BB120612F1D186600E7231C /* Assets.xcassets in Resources */,
			);
			runOnlyForDeploymentPostprocessing = 0;
		};
/* End PBXResourcesBuildPhase section */

/* Begin PBXSourcesBuildPhase section */
		A1000015000000000000001 /* Sources */ = {
			isa = PBXSourcesBuildPhase;
			buildActionMask = 2147483647;
			files = (
				2BA17FDE2F2526DB0003C150 /* SettingsView.swift in Sources */,
				2BA17FDF2F2528ED0003C150 /* AppConfig.swift in Sources */,
				2BB120542F1D186600E7231C /* AppFeature.swift in Sources */,
				2BB120552F1D186600E7231C /* ImageViewerView.swift in Sources */,
				2BB1208B2F1DDE7100E7231C /* UserProfileView.swift in Sources */,
				2BB1208C2F1DDE7100E7231C /* QRCodeLoginView.swift in Sources */,
				2BB120562F1D186600E7231C /* AppleSignInButton.swift in Sources */,
				2BB120572F1D186600E7231C /* ImageViewerApp.swift in Sources */,
				2BB120582F1D186600E7231C /* ImageViewModel.swift in Sources */,
				2BB120592F1D186600E7231C /* ImageDownloaderView.swift in Sources */,
				2BB1205B2F1D186600E7231C /* AppleSignInManager.swift in Sources */,
				2BB1205C2F1D186600E7231C /* UserSession.swift in Sources */,
				2BB1205E2F1D186600E7231C /* SidebarView.swift in Sources */,
				2BB1205F2F1D186600E7231C /* ContentView.swift in Sources */,
				2BB120622F1D186700E7231C /* WeChatSignInManager.swift in Sources */,
				2BB120632F1D186700E7231C /* WeChatSignInButton.swift in Sources */,
				2939E32AE898308A0C973BCB /* FullScreenImageView.swift in Sources */,
			);
			runOnlyForDeploymentPostprocessing = 0;
		};
/* End PBXSourcesBuildPhase section */

/* Begin XCBuildConfiguration section */
		A1000019000000000000001 /* Debug */ = {
			isa = XCBuildConfiguration;
			buildSettings = {
				ALWAYS_SEARCH_USER_PATHS = NO;
				ASSETCATALOG_COMPILER_GENERATE_SWIFT_ASSET_SYMBOL_EXTENSIONS = YES;
				CLANG_ANALYZER_NONNULL = YES;
				CLANG_ANALYZER_NUMBER_OBJECT_CONVERSION = YES_AGGRESSIVE;
				CLANG_CXX_LANGUAGE_STANDARD = "gnu++20";
				CLANG_ENABLE_MODULES = YES;
				CLANG_ENABLE_OBJC_ARC = YES;
				CLANG_ENABLE_OBJC_WEAK = YES;
				CLANG_WARN_BLOCK_CAPTURE_AUTORELEASING = YES;
				CLANG_WARN_BOOL_CONVERSION = YES;
				CLANG_WARN_COMMA = YES;
				CLANG_WARN_CONSTANT_CONVERSION = YES;
				CLANG_WARN_DEPRECATED_OBJC_IMPLEMENTATIONS = YES;
				CLANG_WARN_DIRECT_OBJC_ISA_USAGE = YES_ERROR;
				CLANG_WARN_DOCUMENTATION_COMMENTS = YES;
				CLANG_WARN_EMPTY_BODY = YES;
				CLANG_WARN_ENUM_CONVERSION = YES;
				CLANG_WARN_INFINITE_RECURSION = YES;
				CLANG_WARN_INT_CONVERSION = YES;
				CLANG_WARN_NON_LITERAL_NULL_CONVERSION = YES;
				CLANG_WARN_OBJC_IMPLICIT_RETAIN_SELF = YES;
				CLANG_WARN_OBJC_LITERAL_CONVERSION = YES;
				CLANG_WARN_OBJC_ROOT_CLASS = YES_ERROR;
				CLANG_WARN_QUOTED_INCLUDE_IN_FRAMEWORK_HEADER = YES;
				CLANG_WARN_RANGE_LOOP_ANALYSIS = YES;
				CLANG_WARN_STRICT_PROTOTYPES = YES;
				CLANG_WARN_SUSPICIOUS_MOVE = YES;
				CLANG_WARN_UNGUARDED_AVAILABILITY = YES_AGGRESSIVE;
				CLANG_WARN_UNREACHABLE_CODE = YES;
				CLANG_WARN__DUPLICATE_METHOD_MATCH = YES;
				COPY_PHASE_STRIP = NO;
				DEBUG_INFORMATION_FORMAT = dwarf;
				ENABLE_STRICT_OBJC_MSGSEND = YES;
				ENABLE_TESTABILITY = YES;
				ENABLE_USER_SCRIPT_SANDBOXING = YES;
				GCC_C_LANGUAGE_STANDARD = gnu17;
				GCC_DYNAMIC_NO_PIC = NO;
				GCC_NO_COMMON_BLOCKS = YES;
				GCC_OPTIMIZATION_LEVEL = 0;
				GCC_PREPROCESSOR_DEFINITIONS = (
					"DEBUG=1",
					"$(inherited)",
				);
				GCC_WARN_64_TO_32_BIT_CONVERSION = YES;
				GCC_WARN_ABOUT_RETURN_TYPE = YES_ERROR;
				GCC_WARN_UNDECLARED_SELECTOR = YES;
				GCC_WARN_UNINITIALIZED_AUTOS = YES_AGGRESSIVE;
				GCC_WARN_UNUSED_FUNCTION = YES;
				GCC_WARN_UNUSED_VARIABLE = YES;
				LOCALIZATION_PREFERS_STRING_CATALOGS = YES;
				MACOSX_DEPLOYMENT_TARGET = 13.0;
				MTL_ENABLE_DEBUG_INFO = INCLUDE_SOURCE;
				MTL_FAST_MATH = YES;
				ONLY_ACTIVE_ARCH = YES;
				SDKROOT = macosx;
				SWIFT_ACTIVE_COMPILATION_CONDITIONS = "DEBUG $(inherited)";
				SWIFT_OPTIMIZATION_LEVEL = "-Onone";
			};
			name = Debug;
		};
		A1000020000000000000001 /* Release */ = {
			isa = XCBuildConfiguration;
			buildSettings = {
				ALWAYS_SEARCH_USER_PATHS = NO;
				ASSETCATALOG_COMPILER_GENERATE_SWIFT_ASSET_SYMBOL_EXTENSIONS = YES;
				CLANG_ANALYZER_NONNULL = YES;
				CLANG_ANALYZER_NUMBER_OBJECT_CONVERSION = YES_AGGRESSIVE;
				CLANG_CXX_LANGUAGE_STANDARD = "gnu++20";
				CLANG_ENABLE_MODULES = YES;
				CLANG_ENABLE_OBJC_ARC = YES;
				CLANG_ENABLE_OBJC_WEAK = YES;
				CLANG_WARN_BLOCK_CAPTURE_AUTORELEASING = YES;
				CLANG_WARN_BOOL_CONVERSION = YES;
				CLANG_WARN_COMMA = YES;
				CLANG_WARN_CONSTANT_CONVERSION = YES;
				CLANG_WARN_DEPRECATED_OBJC_IMPLEMENTATIONS = YES;
				CLANG_WARN_DIRECT_OBJC_ISA_USAGE = YES_ERROR;
				CLANG_WARN_DOCUMENTATION_COMMENTS = YES;
				CLANG_WARN_EMPTY_BODY = YES;
				CLANG_WARN_ENUM_CONVERSION = YES;
				CLANG_WARN_INFINITE_RECURSION = YES;
				CLANG_WARN_INT_CONVERSION = YES;
				CLANG_WARN_NON_LITERAL_NULL_CONVERSION = YES;
				CLANG_WARN_OBJC_IMPLICIT_RETAIN_SELF = YES;
				CLANG_WARN_OBJC_LITERAL_CONVERSION = YES;
				CLANG_WARN_OBJC_ROOT_CLASS = YES_ERROR;
				CLANG_WARN_QUOTED_INCLUDE_IN_FRAMEWORK_HEADER = YES;
				CLANG_WARN_RANGE_LOOP_ANALYSIS = YES;
				CLANG_WARN_STRICT_PROTOTYPES = YES;
				CLANG_WARN_SUSPICIOUS_MOVE = YES;
				CLANG_WARN_UNGUARDED_AVAILABILITY = YES_AGGRESSIVE;
				CLANG_WARN_UNREACHABLE_CODE = YES;
				CLANG_WARN__DUPLICATE_METHOD_MATCH = YES;
				COPY_PHASE_STRIP = NO;
				DEBUG_INFORMATION_FORMAT = "dwarf-with-dsym";
				ENABLE_NS_ASSERTIONS = NO;
				ENABLE_STRICT_OBJC_MSGSEND = YES;
				ENABLE_USER_SCRIPT_SANDBOXING = YES;
				GCC_C_LANGUAGE_STANDARD = gnu17;
				GCC_NO_COMMON_BLOCKS = YES;
				GCC_WARN_64_TO_32_BIT_CONVERSION = YES;
				GCC_WARN_ABOUT_RETURN_TYPE = YES_ERROR;
				GCC_WARN_UNDECLARED_SELECTOR = YES;
				GCC_WARN_UNINITIALIZED_AUTOS = YES_AGGRESSIVE;
				GCC_WARN_UNUSED_FUNCTION = YES;
				GCC_WARN_UNUSED_VARIABLE = YES;
				LOCALIZATION_PREFERS_STRING_CATALOGS = YES;
				MACOSX_DEPLOYMENT_TARGET = 13.0;
				MTL_ENABLE_DEBUG_INFO = NO;
				MTL_FAST_MATH = YES;
				SDKROOT = macosx;
				SWIFT_COMPILATION_MODE = wholemodule;
			};
			name = Release;
		};
		A1000021000000000000001 /* Debug */ = {
			isa = XCBuildConfiguration;
			buildSettings = {
				ASSETCATALOG_COMPILER_APPICON_NAME = AppIcon;
				CODE_SIGN_STYLE = Automatic;
				COMBINE_HIDPI_IMAGES = YES;
				CURRENT_PROJECT_VERSION = 1;
				DEVELOPMENT_TEAM = "";
				ENABLE_HARDENED_RUNTIME = YES;
				ENABLE_PREVIEWS = YES;
				GENERATE_INFOPLIST_FILE = YES;
				INFOPLIST_KEY_NSHumanReadableCopyright = "";
				LD_RUNPATH_SEARCH_PATHS = (
					"$(inherited)",
					"@executable_path/../Frameworks",
				);
				MARKETING_VERSION = 1.0;
				PRODUCT_BUNDLE_IDENTIFIER = com.example.ImageViewer;
				PRODUCT_NAME = "$(TARGET_NAME)";
				SWIFT_EMIT_LOC_STRINGS = YES;
				SWIFT_VERSION = 5.0;
			};
			name = Debug;
		};
		A1000022000000000000001 /* Release */ = {
			isa = XCBuildConfiguration;
			buildSettings = {
				ASSETCATALOG_COMPILER_APPICON_NAME = AppIcon;
				CODE_SIGN_STYLE = Automatic;
				COMBINE_HIDPI_IMAGES = YES;
				CURRENT_PROJECT_VERSION = 1;
				DEVELOPMENT_TEAM = "";
				ENABLE_HARDENED_RUNTIME = YES;
				ENABLE_PREVIEWS = YES;
				GENERATE_INFOPLIST_FILE = YES;
				INFOPLIST_KEY_NSHumanReadableCopyright = "";
				LD_RUNPATH_SEARCH_PATHS = (
					"$(inherited)",
					"@executable_path/../Frameworks",
				);
				MARKETING_VERSION = 1.0;
				PRODUCT_BUNDLE_IDENTIFIER = com.example.ImageViewer;
				PRODUCT_NAME = "$(TARGET_NAME)";
				SWIFT_EMIT_LOC_STRINGS = YES;
				SWIFT_VERSION = 5.0;
			};
			name = Release;
		};
/* End XCBuildConfiguration section */

/* Begin XCConfigurationList section */
		A1000014000000000000001 /* Build configuration list for PBXNativeTarget "ImageViewer" */ = {
			isa = XCConfigurationList;
			buildConfigurations = (
				A1000021000000000000001 /* Debug */,
				A1000022000000000000001 /* Release */,
			);
			defaultConfigurationIsVisible = 0;
			defaultConfigurationName = Release;
		};
		A1000018000000000000001 /* Build configuration list for PBXProject "ImageViewer" */ = {
			isa = XCConfigurationList;
			buildConfigurations = (
				A1000019000000000000001 /* Debug */,
				A1000020000000000000001 /* Release */,
			);
			defaultConfigurationIsVisible = 0;
			defaultConfigurationName = Release;
		};
/* End XCConfigurationList section */
	};
	rootObject = A1000017000000000000001 /* Project object */;
}
